{
  "object": {
    "pins": [
      {
        "package": "CodeVerifier",
        "repositoryURL": "https://github.com/posix88/CodeVerifier",
        "state": {
          "branch": null,
          "revision": "d5192bf0025ddfb0c8725638c21e0f0695902609",
          "version": "0.1.0"
        }
      }
    ]
  },
  "version": 1
}
