// !$*UTF8*$!
{
	archiveVersion = 1;
	classes = {
	};
	objectVersion = 52;
	objects = {

/* Begin PBXBuildFile section */
		16908447262392520048659B /* Alamofire in Frameworks */ = {isa = PBXBuildFile; productRef = C3B4F1B52620B8BE006A184F /* Alamofire */; };
		16908448262392520048659B /* Alamofire in Frameworks */ = {isa = PBXBuildFile; productRef = C3AB59B826221EF500035AE3 /* Alamofire */; };
		16908449262392520048659B /* iPhoneNumberField in Frameworks */ = {isa = PBXBuildFile; productRef = C3AB59BE26221F5E00035AE3 /* iPhoneNumberField */; };
		1690844C262393C40048659B /* FirebaseMessaging in Frameworks */ = {isa = PBXBuildFile; productRef = 1690844B262393C40048659B /* FirebaseMessaging */; };
		16AD1E56260E4CC5004CF50F /* Colors.xcassets in Resources */ = {isa = PBXBuildFile; fileRef = 16AD1E55260E4CC5004CF50F /* Colors.xcassets */; };
		315F601E01821BAACDFCDFBE /* LessonsView.swift in Sources */ = {isa = PBXBuildFile; fileRef = 315F6864AEFBA2797A9F9BA8 /* LessonsView.swift */; };
		315F61EA6D26F2BDA5EFFC2A /* IPOView.swift in Sources */ = {isa = PBXBuildFile; fileRef = 315F65F6CE3F7F19B5DB342C /* IPOView.swift */; };
		315F65B4588C1018879782B7 /* AccountView.swift in Sources */ = {isa = PBXBuildFile; fileRef = 315F6E9F9CF6B97CD5C7AEFD /* AccountView.swift */; };
		315F6C2FD96EAED97497B8C4 /* MainView.swift in Sources */ = {isa = PBXBuildFile; fileRef = 315F6943FBE705AE7A24BDB9 /* MainView.swift */; };
		315F6C73EB7B241913B3D43B /* BottomNavBar.swift in Sources */ = {isa = PBXBuildFile; fileRef = 315F6642D81721A994B6340D /* BottomNavBar.swift */; };
		315F6F6C3E768B0BF19F16A6 /* NewsView.swift in Sources */ = {isa = PBXBuildFile; fileRef = 315F6D5FE47F36102947C82C /* NewsView.swift */; };
		650441F19A1FF740B04A7EAF /* IPO_iOSTests.swift in Sources */ = {isa = PBXBuildFile; fileRef = 65044969C198379CB9ED32D5 /* IPO_iOSTests.swift */; };
		650442BCE182BED91769D36B /* IPO_iOSApp.swift in Sources */ = {isa = PBXBuildFile; fileRef = 6504411CF52DD02564B331D3 /* IPO_iOSApp.swift */; };
		6504455A086676BD1C3CFE53 /* IPO_iOSUITests.swift in Sources */ = {isa = PBXBuildFile; fileRef = 6504475F93E4F43E8DB10D9B /* IPO_iOSUITests.swift */; };
		650445649F62B2DD8BE8367C /* Assets.xcassets in Resources */ = {isa = PBXBuildFile; fileRef = 65044B1FB6B8A115ED1BA0AD /* Assets.xcassets */; };
		6504466801D6A8C51DF754B2 /* ContentView.swift in Sources */ = {isa = PBXBuildFile; fileRef = 65044C6961B9507A46295296 /* ContentView.swift */; };
		65044A93CD8FDDA7E954F58D /* IPO_iOS.xcdatamodeld in Sources */ = {isa = PBXBuildFile; fileRef = 650446A069EEB0AEB04A305A /* IPO_iOS.xcdatamodeld */; };
		65044CC20D1CA38658EA8B5F /* Persistence.swift in Sources */ = {isa = PBXBuildFile; fileRef = 65044027DF9C58A6EFC1ADB1 /* Persistence.swift */; };
		65044E0C17F8E3D7C1DB9C23 /* Preview Assets.xcassets in Resources */ = {isa = PBXBuildFile; fileRef = 6504468210FFB191C061B872 /* Preview Assets.xcassets */; };
		87651165E89B320A22177777 /* TransactionsView.swift in Sources */ = {isa = PBXBuildFile; fileRef = 876514168AA2544CF3F9D170 /* TransactionsView.swift */; };
		8765117DEA8265E61B63C048 /* AccountAPI.swift in Sources */ = {isa = PBXBuildFile; fileRef = 87651E118F34403E29991EB1 /* AccountAPI.swift */; };
		876511A44CA43B39EC228B9F /* StatisticsView.swift in Sources */ = {isa = PBXBuildFile; fileRef = 87651A3112935CFB960D9B5E /* StatisticsView.swift */; };
		876512150C03EBB18D345208 /* TransactionsResponse.swift in Sources */ = {isa = PBXBuildFile; fileRef = 87651D5E374D5A1573132BD6 /* TransactionsResponse.swift */; };
		87651254AB3D6CDA360561D2 /* GraphToggleButton.swift in Sources */ = {isa = PBXBuildFile; fileRef = 87651A7482EC304E6808BD8D /* GraphToggleButton.swift */; };
		8765127576D9152DF631681C /* Legend.swift in Sources */ = {isa = PBXBuildFile; fileRef = 876510BD04E5C6747D86B59C /* Legend.swift */; };
		8765130F9055DD6EB615D5D2 /* Answer.swift in Sources */ = {isa = PBXBuildFile; fileRef = 87651D308FC5212B1DAD9081 /* Answer.swift */; };
		87651311136CD2C5435BC82C /* LineView.swift in Sources */ = {isa = PBXBuildFile; fileRef = 87651C3300BDDC81679BDF13 /* LineView.swift */; };
		876513B423E84BB481760218 /* BarChartCell.swift in Sources */ = {isa = PBXBuildFile; fileRef = 876517649CEB2ABE8B68C496 /* BarChartCell.swift */; };
		876514032971672F5F67F20A /* GraphView.swift in Sources */ = {isa = PBXBuildFile; fileRef = 87651D48E73BD0A5D3B54F43 /* GraphView.swift */; };
		87651456D2FA40DC01C50996 /* PieChartCell.swift in Sources */ = {isa = PBXBuildFile; fileRef = 87651049727DF2259044E2F5 /* PieChartCell.swift */; };
		8765147DACF64574090B4A17 /* TransactionCardView.swift in Sources */ = {isa = PBXBuildFile; fileRef = 87651D20CFD0E93ED6E31349 /* TransactionCardView.swift */; };
		8765153F422F76650243EFE9 /* PieChartView.swift in Sources */ = {isa = PBXBuildFile; fileRef = 876515718018BFBDA40BC77C /* PieChartView.swift */; };
		8765159745CF06A28D417EA7 /* LineChartView.swift in Sources */ = {isa = PBXBuildFile; fileRef = 876517130AC0D9E2F857F833 /* LineChartView.swift */; };
		87651696579956F7DE304192 /* Status.swift in Sources */ = {isa = PBXBuildFile; fileRef = 8765115CCD368FC0C33BF85F /* Status.swift */; };
		876516B35F86A3376AE6E575 /* IndicatorPoint.swift in Sources */ = {isa = PBXBuildFile; fileRef = 87651A8624FD5FAD96551C4A /* IndicatorPoint.swift */; };
		876516F1F8129F857651DF0D /* Line.swift in Sources */ = {isa = PBXBuildFile; fileRef = 87651DEFDEEA36EFED8F21E7 /* Line.swift */; };
		876516FC1BAD482992D76A92 /* BarChartView.swift in Sources */ = {isa = PBXBuildFile; fileRef = 87651DAABB8E240157B4BE22 /* BarChartView.swift */; };
		87651723D45A6541C8AC52AB /* Path+QuadCurve.swift in Sources */ = {isa = PBXBuildFile; fileRef = 87651BE300E6BF1F6283B8A0 /* Path+QuadCurve.swift */; };
		87651728C41D4E075BA933C7 /* CompletedTransaction.swift in Sources */ = {isa = PBXBuildFile; fileRef = 87651EE0457F09DF83E1BDF4 /* CompletedTransaction.swift */; };
		8765178A1046F0023974B12C /* TokenAnswer.swift in Sources */ = {isa = PBXBuildFile; fileRef = 87651CD67773FE3897C3D297 /* TokenAnswer.swift */; };
		876517BEEB5180365C1F9E10 /* Helpers.swift in Sources */ = {isa = PBXBuildFile; fileRef = 876514F6C3B2564DF795630C /* Helpers.swift */; };
		876517BFF0078E0FF545361F /* CodeViewModel.swift in Sources */ = {isa = PBXBuildFile; fileRef = 87651209C91A8B49616CAAC0 /* CodeViewModel.swift */; };
		876517C80FCBD8FB22C261E1 /* BarChartRow.swift in Sources */ = {isa = PBXBuildFile; fileRef = 87651E03D5C5F5070D4DCD32 /* BarChartRow.swift */; };
		876517EB93BA12D055173C8A /* PieChartHelpers.swift in Sources */ = {isa = PBXBuildFile; fileRef = 876512E41F327527571532BA /* PieChartHelpers.swift */; };
		8765180D53997DF797E8CA1D /* TableView.swift in Sources */ = {isa = PBXBuildFile; fileRef = 876514F8883B1E77224C9B8A /* TableView.swift */; };
		876518F4668BAE25194A2DEE /* TransactionRiskTag.swift in Sources */ = {isa = PBXBuildFile; fileRef = 87651BAF3C3F97A9B3DC30D1 /* TransactionRiskTag.swift */; };
		87651914219812143047AE15 /* RegistrationViewModel.swift in Sources */ = {isa = PBXBuildFile; fileRef = 87651CF564709CC96979CA8D /* RegistrationViewModel.swift */; };
		876519C01966F06256988122 /* TransactionStatusTag.swift in Sources */ = {isa = PBXBuildFile; fileRef = 876515FD50F32E5AC8930BCA /* TransactionStatusTag.swift */; };
		87651A05A92CFA8E2E254DC0 /* Transaction.swift in Sources */ = {isa = PBXBuildFile; fileRef = 8765179B5A19056AAF216231 /* Transaction.swift */; };
		87651A1BBD1648F7C4FC69B3 /* Star.swift in Sources */ = {isa = PBXBuildFile; fileRef = 876514D3E6784895973FEE33 /* Star.swift */; };
		87651A385A996DD654505800 /* TransactionsAPI.swift in Sources */ = {isa = PBXBuildFile; fileRef = 87651E0C106B65A56387723C /* TransactionsAPI.swift */; };
		87651A7E6D9705DD27FB4DF2 /* RequestAPI.swift in Sources */ = {isa = PBXBuildFile; fileRef = 8765143E9794DAEC3B8E5CD5 /* RequestAPI.swift */; };
		87651B3C42965ED927BC532C /* MagnifierRect.swift in Sources */ = {isa = PBXBuildFile; fileRef = 87651479728381B4DC0B7652 /* MagnifierRect.swift */; };
		87651BCE71B8BA799A9F64C4 /* LabelView.swift in Sources */ = {isa = PBXBuildFile; fileRef = 87651014FBF97139B3C70A7C /* LabelView.swift */; };
		87651C9AA4FDB36117463F5F /* Risk.swift in Sources */ = {isa = PBXBuildFile; fileRef = 87651EACEFAF4CB93560A9D0 /* Risk.swift */; };
		87651C9BEF43007C1C9D2CA5 /* PieChartRow.swift in Sources */ = {isa = PBXBuildFile; fileRef = 876516899E4CD257ACFF4DAA /* PieChartRow.swift */; };
		87651DF096A8B173EEFF8D9C /* TransactionsViewModel.swift in Sources */ = {isa = PBXBuildFile; fileRef = 8765194D9B7212CE48D1F626 /* TransactionsViewModel.swift */; };
		87651E16929B5BF46825B664 /* Utils.swift in Sources */ = {isa = PBXBuildFile; fileRef = 87651642A697A745628FC641 /* Utils.swift */; };
		87651F042F85256769D28262 /* TriangleDown.swift in Sources */ = {isa = PBXBuildFile; fileRef = 87651DD77113B63E76F6DE0C /* TriangleDown.swift */; };
		87651FBD3B2DE9CB260F0EA6 /* TriangleUp.swift in Sources */ = {isa = PBXBuildFile; fileRef = 87651EA3EC4B9AD30AB88652 /* TriangleUp.swift */; };
		C364C838260FFDDF0064A697 /* EuclidSquare-Medium.ttf in Resources */ = {isa = PBXBuildFile; fileRef = C364C82E260FFDDF0064A697 /* EuclidSquare-Medium.ttf */; };
		C364C839260FFDDF0064A697 /* EuclidSquare-Bold.ttf in Resources */ = {isa = PBXBuildFile; fileRef = C364C82F260FFDDF0064A697 /* EuclidSquare-Bold.ttf */; };
		C364C83A260FFDDF0064A697 /* EuclidSquare-LightItalic.ttf in Resources */ = {isa = PBXBuildFile; fileRef = C364C830260FFDDF0064A697 /* EuclidSquare-LightItalic.ttf */; };
		C364C83B260FFDDF0064A697 /* EuclidSquare-SemiBold.ttf in Resources */ = {isa = PBXBuildFile; fileRef = C364C831260FFDDF0064A697 /* EuclidSquare-SemiBold.ttf */; };
		C364C83C260FFDDF0064A697 /* EuclidSquare-Light.ttf in Resources */ = {isa = PBXBuildFile; fileRef = C364C832260FFDDF0064A697 /* EuclidSquare-Light.ttf */; };
		C364C83D260FFDDF0064A697 /* EuclidSquare-Italic.ttf in Resources */ = {isa = PBXBuildFile; fileRef = C364C833260FFDDF0064A697 /* EuclidSquare-Italic.ttf */; };
		C364C83E260FFDDF0064A697 /* EuclidSquare-MediumItalic.ttf in Resources */ = {isa = PBXBuildFile; fileRef = C364C834260FFDDF0064A697 /* EuclidSquare-MediumItalic.ttf */; };
		C364C83F260FFDDF0064A697 /* EuclidSquare-Regular.ttf in Resources */ = {isa = PBXBuildFile; fileRef = C364C835260FFDDF0064A697 /* EuclidSquare-Regular.ttf */; };
		C364C840260FFDDF0064A697 /* EuclidSquare-SemiBoldItalic.ttf in Resources */ = {isa = PBXBuildFile; fileRef = C364C836260FFDDF0064A697 /* EuclidSquare-SemiBoldItalic.ttf */; };
		C364C841260FFDDF0064A697 /* EuclidSquare-BoldItalic.ttf in Resources */ = {isa = PBXBuildFile; fileRef = C364C837260FFDDF0064A697 /* EuclidSquare-BoldItalic.ttf */; };
		CC02507B6D8374D0D1D3D49D /* CodeView.swift in Sources */ = {isa = PBXBuildFile; fileRef = CC025077B8A8B1FC24E2C9EB /* CodeView.swift */; };
		CC0250CD92D02F8F240C44F2 /* RegistrationRouter.swift in Sources */ = {isa = PBXBuildFile; fileRef = CC025106184A958CAF6CEE61 /* RegistrationRouter.swift */; };
		CC02519F4CC7CB3170E8B976 /* ViewRouter.swift in Sources */ = {isa = PBXBuildFile; fileRef = CC02554868D44D50E1D574DE /* ViewRouter.swift */; };
		CC02526544BE54644E494022 /* RadioButtonCapital.swift in Sources */ = {isa = PBXBuildFile; fileRef = CC025914E7D57D5D64A1C0D5 /* RadioButtonCapital.swift */; };
		CC02529AE772064DD3A61E6C /* localStorage.swift in Sources */ = {isa = PBXBuildFile; fileRef = CC02533141B13DEF87CB1D42 /* localStorage.swift */; };
		CC0253432E6795CC73871833 /* ToggleButton.swift in Sources */ = {isa = PBXBuildFile; fileRef = CC025F91D3B6110956F3CE10 /* ToggleButton.swift */; };
		CC0253713EFD9AC1B5377181 /* CodeRouter.swift in Sources */ = {isa = PBXBuildFile; fileRef = CC02508A56E340B246447C53 /* CodeRouter.swift */; };
		CC02544EA725F02C6775C6F0 /* SPACTransactions.swift in Sources */ = {isa = PBXBuildFile; fileRef = CC0259686E2A09D9A8C8E1BC /* SPACTransactions.swift */; };
		CC0254609BC007296299CB27 /* DiscountsTransactions.swift in Sources */ = {isa = PBXBuildFile; fileRef = CC025974311CF94E513212D1 /* DiscountsTransactions.swift */; };
		CC0254A90CAF0B26B862AF2E /* RadioButtonRisk.swift in Sources */ = {isa = PBXBuildFile; fileRef = CC0253D864C8537137412AE5 /* RadioButtonRisk.swift */; };
		CC0254D6C99EF5E961097354 /* FavoriteTransactions.swift in Sources */ = {isa = PBXBuildFile; fileRef = CC02534C83469739C0B7CBA1 /* FavoriteTransactions.swift */; };
		CC0255703BA7FACFB21F6E4C /* CheckButton.swift in Sources */ = {isa = PBXBuildFile; fileRef = CC025536D9D47A9ABA98F5E9 /* CheckButton.swift */; };
		CC0256DF09CFED3EF5B960FF /* RegistrationCode.swift in Sources */ = {isa = PBXBuildFile; fileRef = CC025D37B2602B5826D1E7D5 /* RegistrationCode.swift */; };
		CC0257CC167CE5832A2165C8 /* SurveyRouter.swift in Sources */ = {isa = PBXBuildFile; fileRef = CC02566479C3545B3DFDE7D8 /* SurveyRouter.swift */; };
		CC02588F0A594EE7A9253E18 /* MainScreenRouter.swift in Sources */ = {isa = PBXBuildFile; fileRef = CC0256C859BCBBBF0B15A67E /* MainScreenRouter.swift */; };
		CC02590C1F0CCBF388478233 /* ViewRouterTransactions.swift in Sources */ = {isa = PBXBuildFile; fileRef = CC025C0A8B01E554D8F25B1C /* ViewRouterTransactions.swift */; };
		CC025968427F5EA7FFD7C560 /* Registration.swift in Sources */ = {isa = PBXBuildFile; fileRef = CC02595C9B8A8C2D01EBA5D4 /* Registration.swift */; };
		CC0259C00E0D250453F40417 /* DropDownPicker.swift in Sources */ = {isa = PBXBuildFile; fileRef = CC0258B35BDED5C1A3BD64E6 /* DropDownPicker.swift */; };
		CC0259FADE5E4257B9359F36 /* PhoneNumber.swift in Sources */ = {isa = PBXBuildFile; fileRef = CC0250C2F28530C5AC3B6B6C /* PhoneNumber.swift */; };
		CC025AC2215ED1E37E3E5641 /* MainSurveyView.swift in Sources */ = {isa = PBXBuildFile; fileRef = CC025717471AB83E197A9354 /* MainSurveyView.swift */; };
		CC025AC4DC9A1AEE50C8F447 /* MainScreenView.swift in Sources */ = {isa = PBXBuildFile; fileRef = CC025A52DAAAA33702A1CF53 /* MainScreenView.swift */; };
		CC025AE13F75374DEAF33856 /* RadioButtonPercents.swift in Sources */ = {isa = PBXBuildFile; fileRef = CC0252DA0DCF22734C387434 /* RadioButtonPercents.swift */; };
		CC025DD32C5B6C2D9138D1F2 /* IPOTransactions.swift in Sources */ = {isa = PBXBuildFile; fileRef = CC025F42D3521844AF62C122 /* IPOTransactions.swift */; };
		CC025F006448FE5B78CD668B /* RadioButtonExp.swift in Sources */ = {isa = PBXBuildFile; fileRef = CC0256E153B0BFF32146646A /* RadioButtonExp.swift */; };
		CC025F74B9F3917391C47BD5 /* Age.swift in Sources */ = {isa = PBXBuildFile; fileRef = CC025E66C7D74D0ED4BCD77F /* Age.swift */; };
		CC025FCA831B21B6A5A0E81F /* DropDownView.swift in Sources */ = {isa = PBXBuildFile; fileRef = CC02550E74A1AD7135D9D6A8 /* DropDownView.swift */; };
		F27BE18C2623A24C004976C0 /* GoogleService-Info.plist in Resources */ = {isa = PBXBuildFile; fileRef = F27BE18B2623A24C004976C0 /* GoogleService-Info.plist */; };
/* End PBXBuildFile section */

/* Begin PBXContainerItemProxy section */
		650443D09C45B005E8C15C30 /* PBXContainerItemProxy */ = {
			isa = PBXContainerItemProxy;
			containerPortal = 650444FCCCC1054F1EEF0741 /* Project object */;
			proxyType = 1;
			remoteGlobalIDString = 6504427C3713CFB690B34748;
			remoteInfo = IPO_iOS;
		};
		650445EA78D6D0C2F56D6E2C /* PBXContainerItemProxy */ = {
			isa = PBXContainerItemProxy;
			containerPortal = 650444FCCCC1054F1EEF0741 /* Project object */;
			proxyType = 1;
			remoteGlobalIDString = 6504427C3713CFB690B34748;
			remoteInfo = IPO_iOS;
		};
/* End PBXContainerItemProxy section */

/* Begin PBXFileReference section */
		16AD1E55260E4CC5004CF50F /* Colors.xcassets */ = {isa = PBXFileReference; lastKnownFileType = folder.assetcatalog; path = Colors.xcassets; sourceTree = "<group>"; };
		315F65F6CE3F7F19B5DB342C /* IPOView.swift */ = {isa = PBXFileReference; fileEncoding = 4; lastKnownFileType = sourcecode.swift; path = IPOView.swift; sourceTree = "<group>"; };
		315F6642D81721A994B6340D /* BottomNavBar.swift */ = {isa = PBXFileReference; fileEncoding = 4; lastKnownFileType = sourcecode.swift; path = BottomNavBar.swift; sourceTree = "<group>"; };
		315F6864AEFBA2797A9F9BA8 /* LessonsView.swift */ = {isa = PBXFileReference; fileEncoding = 4; lastKnownFileType = sourcecode.swift; path = LessonsView.swift; sourceTree = "<group>"; };
		315F6943FBE705AE7A24BDB9 /* MainView.swift */ = {isa = PBXFileReference; fileEncoding = 4; lastKnownFileType = sourcecode.swift; path = MainView.swift; sourceTree = "<group>"; };
		315F6D5FE47F36102947C82C /* NewsView.swift */ = {isa = PBXFileReference; fileEncoding = 4; lastKnownFileType = sourcecode.swift; path = NewsView.swift; sourceTree = "<group>"; };
		315F6E9F9CF6B97CD5C7AEFD /* AccountView.swift */ = {isa = PBXFileReference; fileEncoding = 4; lastKnownFileType = sourcecode.swift; path = AccountView.swift; sourceTree = "<group>"; };
		65044027DF9C58A6EFC1ADB1 /* Persistence.swift */ = {isa = PBXFileReference; lastKnownFileType = sourcecode.swift; path = Persistence.swift; sourceTree = "<group>"; };
		650440CBB75B70564B0B1D5C /* Info.plist */ = {isa = PBXFileReference; lastKnownFileType = text.plist.info; path = Info.plist; sourceTree = "<group>"; };
		6504411CF52DD02564B331D3 /* IPO_iOSApp.swift */ = {isa = PBXFileReference; lastKnownFileType = sourcecode.swift; path = IPO_iOSApp.swift; sourceTree = "<group>"; };
		6504421D66C6FE08C915C38C /* IPO_iOS.app */ = {isa = PBXFileReference; explicitFileType = wrapper.application; includeInIndex = 0; path = IPO_iOS.app; sourceTree = BUILT_PRODUCTS_DIR; };
		65044406D307CD3F1F376A5E /* IPO_iOSUITests.xctest */ = {isa = PBXFileReference; explicitFileType = wrapper.cfbundle; includeInIndex = 0; path = IPO_iOSUITests.xctest; sourceTree = BUILT_PRODUCTS_DIR; };
		6504468210FFB191C061B872 /* Preview Assets.xcassets */ = {isa = PBXFileReference; lastKnownFileType = folder.assetcatalog; path = "Preview Assets.xcassets"; sourceTree = "<group>"; };
		6504475F93E4F43E8DB10D9B /* IPO_iOSUITests.swift */ = {isa = PBXFileReference; lastKnownFileType = sourcecode.swift; path = IPO_iOSUITests.swift; sourceTree = "<group>"; };
		650448167A488E4F86B9E609 /* IPO_iOSTests.xctest */ = {isa = PBXFileReference; explicitFileType = wrapper.cfbundle; includeInIndex = 0; path = IPO_iOSTests.xctest; sourceTree = BUILT_PRODUCTS_DIR; };
		65044969C198379CB9ED32D5 /* IPO_iOSTests.swift */ = {isa = PBXFileReference; lastKnownFileType = sourcecode.swift; path = IPO_iOSTests.swift; sourceTree = "<group>"; };
		65044B1FB6B8A115ED1BA0AD /* Assets.xcassets */ = {isa = PBXFileReference; lastKnownFileType = folder.assetcatalog; path = Assets.xcassets; sourceTree = "<group>"; };
		65044C6961B9507A46295296 /* ContentView.swift */ = {isa = PBXFileReference; lastKnownFileType = sourcecode.swift; path = ContentView.swift; sourceTree = "<group>"; };
		65044CA13FB3D973ADF9C9E9 /* IPO_iOS.xcdatamodel */ = {isa = PBXFileReference; lastKnownFileType = wrapper.xcdatamodel; path = IPO_iOS.xcdatamodel; sourceTree = "<group>"; };
		65044F59E42D6B17497986BC /* Info.plist */ = {isa = PBXFileReference; lastKnownFileType = text.plist.info; path = Info.plist; sourceTree = "<group>"; };
		65044FB5737CD8DC3F6214CD /* Info.plist */ = {isa = PBXFileReference; lastKnownFileType = text.plist.info; path = Info.plist; sourceTree = "<group>"; };
		87651014FBF97139B3C70A7C /* LabelView.swift */ = {isa = PBXFileReference; fileEncoding = 4; lastKnownFileType = sourcecode.swift; path = LabelView.swift; sourceTree = "<group>"; };
		87651049727DF2259044E2F5 /* PieChartCell.swift */ = {isa = PBXFileReference; fileEncoding = 4; lastKnownFileType = sourcecode.swift; path = PieChartCell.swift; sourceTree = "<group>"; };
		876510BD04E5C6747D86B59C /* Legend.swift */ = {isa = PBXFileReference; fileEncoding = 4; lastKnownFileType = sourcecode.swift; path = Legend.swift; sourceTree = "<group>"; };
		8765115CCD368FC0C33BF85F /* Status.swift */ = {isa = PBXFileReference; fileEncoding = 4; lastKnownFileType = sourcecode.swift; path = Status.swift; sourceTree = "<group>"; };
		87651209C91A8B49616CAAC0 /* CodeViewModel.swift */ = {isa = PBXFileReference; fileEncoding = 4; lastKnownFileType = sourcecode.swift; path = CodeViewModel.swift; sourceTree = "<group>"; };
		876512E41F327527571532BA /* PieChartHelpers.swift */ = {isa = PBXFileReference; fileEncoding = 4; lastKnownFileType = sourcecode.swift; path = PieChartHelpers.swift; sourceTree = "<group>"; };
		876514168AA2544CF3F9D170 /* TransactionsView.swift */ = {isa = PBXFileReference; fileEncoding = 4; lastKnownFileType = sourcecode.swift; path = TransactionsView.swift; sourceTree = "<group>"; };
		8765143E9794DAEC3B8E5CD5 /* RequestAPI.swift */ = {isa = PBXFileReference; fileEncoding = 4; lastKnownFileType = sourcecode.swift; path = RequestAPI.swift; sourceTree = "<group>"; };
		87651479728381B4DC0B7652 /* MagnifierRect.swift */ = {isa = PBXFileReference; fileEncoding = 4; lastKnownFileType = sourcecode.swift; path = MagnifierRect.swift; sourceTree = "<group>"; };
		876514D3E6784895973FEE33 /* Star.swift */ = {isa = PBXFileReference; fileEncoding = 4; lastKnownFileType = sourcecode.swift; path = Star.swift; sourceTree = "<group>"; };
		876514F6C3B2564DF795630C /* Helpers.swift */ = {isa = PBXFileReference; fileEncoding = 4; lastKnownFileType = sourcecode.swift; path = Helpers.swift; sourceTree = "<group>"; };
		876514F8883B1E77224C9B8A /* TableView.swift */ = {isa = PBXFileReference; fileEncoding = 4; lastKnownFileType = sourcecode.swift; path = TableView.swift; sourceTree = "<group>"; };
		876515718018BFBDA40BC77C /* PieChartView.swift */ = {isa = PBXFileReference; fileEncoding = 4; lastKnownFileType = sourcecode.swift; path = PieChartView.swift; sourceTree = "<group>"; };
		876515FD50F32E5AC8930BCA /* TransactionStatusTag.swift */ = {isa = PBXFileReference; fileEncoding = 4; lastKnownFileType = sourcecode.swift; path = TransactionStatusTag.swift; sourceTree = "<group>"; };
		87651642A697A745628FC641 /* Utils.swift */ = {isa = PBXFileReference; fileEncoding = 4; lastKnownFileType = sourcecode.swift; path = Utils.swift; sourceTree = "<group>"; };
		876516899E4CD257ACFF4DAA /* PieChartRow.swift */ = {isa = PBXFileReference; fileEncoding = 4; lastKnownFileType = sourcecode.swift; path = PieChartRow.swift; sourceTree = "<group>"; };
		876517130AC0D9E2F857F833 /* LineChartView.swift */ = {isa = PBXFileReference; fileEncoding = 4; lastKnownFileType = sourcecode.swift; path = LineChartView.swift; sourceTree = "<group>"; };
		876517649CEB2ABE8B68C496 /* BarChartCell.swift */ = {isa = PBXFileReference; fileEncoding = 4; lastKnownFileType = sourcecode.swift; path = BarChartCell.swift; sourceTree = "<group>"; };
		8765179B5A19056AAF216231 /* Transaction.swift */ = {isa = PBXFileReference; fileEncoding = 4; lastKnownFileType = sourcecode.swift; path = Transaction.swift; sourceTree = "<group>"; };
		8765194D9B7212CE48D1F626 /* TransactionsViewModel.swift */ = {isa = PBXFileReference; fileEncoding = 4; lastKnownFileType = sourcecode.swift; path = TransactionsViewModel.swift; sourceTree = "<group>"; };
		87651A3112935CFB960D9B5E /* StatisticsView.swift */ = {isa = PBXFileReference; fileEncoding = 4; lastKnownFileType = sourcecode.swift; path = StatisticsView.swift; sourceTree = "<group>"; };
		87651A7482EC304E6808BD8D /* GraphToggleButton.swift */ = {isa = PBXFileReference; fileEncoding = 4; lastKnownFileType = sourcecode.swift; path = GraphToggleButton.swift; sourceTree = "<group>"; };
		87651A8624FD5FAD96551C4A /* IndicatorPoint.swift */ = {isa = PBXFileReference; fileEncoding = 4; lastKnownFileType = sourcecode.swift; path = IndicatorPoint.swift; sourceTree = "<group>"; };
		87651BAF3C3F97A9B3DC30D1 /* TransactionRiskTag.swift */ = {isa = PBXFileReference; fileEncoding = 4; lastKnownFileType = sourcecode.swift; path = TransactionRiskTag.swift; sourceTree = "<group>"; };
		87651BE300E6BF1F6283B8A0 /* Path+QuadCurve.swift */ = {isa = PBXFileReference; fileEncoding = 4; lastKnownFileType = sourcecode.swift; path = "Path+QuadCurve.swift"; sourceTree = "<group>"; };
		87651C3300BDDC81679BDF13 /* LineView.swift */ = {isa = PBXFileReference; fileEncoding = 4; lastKnownFileType = sourcecode.swift; path = LineView.swift; sourceTree = "<group>"; };
		87651CD67773FE3897C3D297 /* TokenAnswer.swift */ = {isa = PBXFileReference; fileEncoding = 4; lastKnownFileType = sourcecode.swift; path = TokenAnswer.swift; sourceTree = "<group>"; };
		87651CF564709CC96979CA8D /* RegistrationViewModel.swift */ = {isa = PBXFileReference; fileEncoding = 4; lastKnownFileType = sourcecode.swift; path = RegistrationViewModel.swift; sourceTree = "<group>"; };
		87651D20CFD0E93ED6E31349 /* TransactionCardView.swift */ = {isa = PBXFileReference; fileEncoding = 4; lastKnownFileType = sourcecode.swift; path = TransactionCardView.swift; sourceTree = "<group>"; };
		87651D308FC5212B1DAD9081 /* Answer.swift */ = {isa = PBXFileReference; fileEncoding = 4; lastKnownFileType = sourcecode.swift; path = Answer.swift; sourceTree = "<group>"; };
		87651D48E73BD0A5D3B54F43 /* GraphView.swift */ = {isa = PBXFileReference; fileEncoding = 4; lastKnownFileType = sourcecode.swift; name = GraphView.swift; path = IPO_iOS/SwiftUICharts/LineChart/GraphView.swift; sourceTree = SOURCE_ROOT; };
		87651D5E374D5A1573132BD6 /* TransactionsResponse.swift */ = {isa = PBXFileReference; fileEncoding = 4; lastKnownFileType = sourcecode.swift; path = TransactionsResponse.swift; sourceTree = "<group>"; };
		87651DAABB8E240157B4BE22 /* BarChartView.swift */ = {isa = PBXFileReference; fileEncoding = 4; lastKnownFileType = sourcecode.swift; path = BarChartView.swift; sourceTree = "<group>"; };
		87651DD77113B63E76F6DE0C /* TriangleDown.swift */ = {isa = PBXFileReference; fileEncoding = 4; lastKnownFileType = sourcecode.swift; path = TriangleDown.swift; sourceTree = "<group>"; };
		87651DEFDEEA36EFED8F21E7 /* Line.swift */ = {isa = PBXFileReference; fileEncoding = 4; lastKnownFileType = sourcecode.swift; path = Line.swift; sourceTree = "<group>"; };
		87651E03D5C5F5070D4DCD32 /* BarChartRow.swift */ = {isa = PBXFileReference; fileEncoding = 4; lastKnownFileType = sourcecode.swift; path = BarChartRow.swift; sourceTree = "<group>"; };
		87651E0C106B65A56387723C /* TransactionsAPI.swift */ = {isa = PBXFileReference; fileEncoding = 4; lastKnownFileType = sourcecode.swift; path = TransactionsAPI.swift; sourceTree = "<group>"; };
		87651E118F34403E29991EB1 /* AccountAPI.swift */ = {isa = PBXFileReference; fileEncoding = 4; lastKnownFileType = sourcecode.swift; path = AccountAPI.swift; sourceTree = "<group>"; };
		87651EA3EC4B9AD30AB88652 /* TriangleUp.swift */ = {isa = PBXFileReference; fileEncoding = 4; lastKnownFileType = sourcecode.swift; path = TriangleUp.swift; sourceTree = "<group>"; };
		87651EACEFAF4CB93560A9D0 /* Risk.swift */ = {isa = PBXFileReference; fileEncoding = 4; lastKnownFileType = sourcecode.swift; path = Risk.swift; sourceTree = "<group>"; };
		87651EE0457F09DF83E1BDF4 /* CompletedTransaction.swift */ = {isa = PBXFileReference; fileEncoding = 4; lastKnownFileType = sourcecode.swift; path = CompletedTransaction.swift; sourceTree = "<group>"; };
		C364C82E260FFDDF0064A697 /* EuclidSquare-Medium.ttf */ = {isa = PBXFileReference; lastKnownFileType = file; path = "EuclidSquare-Medium.ttf"; sourceTree = "<group>"; };
		C364C82F260FFDDF0064A697 /* EuclidSquare-Bold.ttf */ = {isa = PBXFileReference; lastKnownFileType = file; path = "EuclidSquare-Bold.ttf"; sourceTree = "<group>"; };
		C364C830260FFDDF0064A697 /* EuclidSquare-LightItalic.ttf */ = {isa = PBXFileReference; lastKnownFileType = file; path = "EuclidSquare-LightItalic.ttf"; sourceTree = "<group>"; };
		C364C831260FFDDF0064A697 /* EuclidSquare-SemiBold.ttf */ = {isa = PBXFileReference; lastKnownFileType = file; path = "EuclidSquare-SemiBold.ttf"; sourceTree = "<group>"; };
		C364C832260FFDDF0064A697 /* EuclidSquare-Light.ttf */ = {isa = PBXFileReference; lastKnownFileType = file; path = "EuclidSquare-Light.ttf"; sourceTree = "<group>"; };
		C364C833260FFDDF0064A697 /* EuclidSquare-Italic.ttf */ = {isa = PBXFileReference; lastKnownFileType = file; path = "EuclidSquare-Italic.ttf"; sourceTree = "<group>"; };
		C364C834260FFDDF0064A697 /* EuclidSquare-MediumItalic.ttf */ = {isa = PBXFileReference; lastKnownFileType = file; path = "EuclidSquare-MediumItalic.ttf"; sourceTree = "<group>"; };
		C364C835260FFDDF0064A697 /* EuclidSquare-Regular.ttf */ = {isa = PBXFileReference; lastKnownFileType = file; path = "EuclidSquare-Regular.ttf"; sourceTree = "<group>"; };
		C364C836260FFDDF0064A697 /* EuclidSquare-SemiBoldItalic.ttf */ = {isa = PBXFileReference; lastKnownFileType = file; path = "EuclidSquare-SemiBoldItalic.ttf"; sourceTree = "<group>"; };
		C364C837260FFDDF0064A697 /* EuclidSquare-BoldItalic.ttf */ = {isa = PBXFileReference; lastKnownFileType = file; path = "EuclidSquare-BoldItalic.ttf"; sourceTree = "<group>"; };
		CC025077B8A8B1FC24E2C9EB /* CodeView.swift */ = {isa = PBXFileReference; fileEncoding = 4; lastKnownFileType = sourcecode.swift; path = CodeView.swift; sourceTree = "<group>"; };
		CC02508A56E340B246447C53 /* CodeRouter.swift */ = {isa = PBXFileReference; fileEncoding = 4; lastKnownFileType = sourcecode.swift; path = CodeRouter.swift; sourceTree = "<group>"; };
		CC0250C2F28530C5AC3B6B6C /* PhoneNumber.swift */ = {isa = PBXFileReference; fileEncoding = 4; lastKnownFileType = sourcecode.swift; path = PhoneNumber.swift; sourceTree = "<group>"; };
		CC025106184A958CAF6CEE61 /* RegistrationRouter.swift */ = {isa = PBXFileReference; fileEncoding = 4; lastKnownFileType = sourcecode.swift; path = RegistrationRouter.swift; sourceTree = "<group>"; };
		CC0252DA0DCF22734C387434 /* RadioButtonPercents.swift */ = {isa = PBXFileReference; fileEncoding = 4; lastKnownFileType = sourcecode.swift; path = RadioButtonPercents.swift; sourceTree = "<group>"; };
		CC02533141B13DEF87CB1D42 /* localStorage.swift */ = {isa = PBXFileReference; fileEncoding = 4; lastKnownFileType = sourcecode.swift; path = localStorage.swift; sourceTree = "<group>"; };
		CC02534C83469739C0B7CBA1 /* FavoriteTransactions.swift */ = {isa = PBXFileReference; fileEncoding = 4; lastKnownFileType = sourcecode.swift; path = FavoriteTransactions.swift; sourceTree = "<group>"; };
		CC0253D864C8537137412AE5 /* RadioButtonRisk.swift */ = {isa = PBXFileReference; fileEncoding = 4; lastKnownFileType = sourcecode.swift; path = RadioButtonRisk.swift; sourceTree = "<group>"; };
		CC02550E74A1AD7135D9D6A8 /* DropDownView.swift */ = {isa = PBXFileReference; fileEncoding = 4; lastKnownFileType = sourcecode.swift; path = DropDownView.swift; sourceTree = "<group>"; };
		CC025536D9D47A9ABA98F5E9 /* CheckButton.swift */ = {isa = PBXFileReference; fileEncoding = 4; lastKnownFileType = sourcecode.swift; path = CheckButton.swift; sourceTree = "<group>"; };
		CC02554868D44D50E1D574DE /* ViewRouter.swift */ = {isa = PBXFileReference; fileEncoding = 4; lastKnownFileType = sourcecode.swift; path = ViewRouter.swift; sourceTree = "<group>"; };
		CC02566479C3545B3DFDE7D8 /* SurveyRouter.swift */ = {isa = PBXFileReference; fileEncoding = 4; lastKnownFileType = sourcecode.swift; path = SurveyRouter.swift; sourceTree = "<group>"; };
		CC0256C859BCBBBF0B15A67E /* MainScreenRouter.swift */ = {isa = PBXFileReference; fileEncoding = 4; lastKnownFileType = sourcecode.swift; path = MainScreenRouter.swift; sourceTree = "<group>"; };
		CC0256E153B0BFF32146646A /* RadioButtonExp.swift */ = {isa = PBXFileReference; fileEncoding = 4; lastKnownFileType = sourcecode.swift; path = RadioButtonExp.swift; sourceTree = "<group>"; };
		CC025717471AB83E197A9354 /* MainSurveyView.swift */ = {isa = PBXFileReference; fileEncoding = 4; lastKnownFileType = sourcecode.swift; path = MainSurveyView.swift; sourceTree = "<group>"; };
		CC0258B35BDED5C1A3BD64E6 /* DropDownPicker.swift */ = {isa = PBXFileReference; fileEncoding = 4; lastKnownFileType = sourcecode.swift; path = DropDownPicker.swift; sourceTree = "<group>"; };
		CC025914E7D57D5D64A1C0D5 /* RadioButtonCapital.swift */ = {isa = PBXFileReference; fileEncoding = 4; lastKnownFileType = sourcecode.swift; path = RadioButtonCapital.swift; sourceTree = "<group>"; };
		CC02595C9B8A8C2D01EBA5D4 /* Registration.swift */ = {isa = PBXFileReference; fileEncoding = 4; lastKnownFileType = sourcecode.swift; path = Registration.swift; sourceTree = "<group>"; };
		CC0259686E2A09D9A8C8E1BC /* SPACTransactions.swift */ = {isa = PBXFileReference; fileEncoding = 4; lastKnownFileType = sourcecode.swift; path = SPACTransactions.swift; sourceTree = "<group>"; };
		CC025974311CF94E513212D1 /* DiscountsTransactions.swift */ = {isa = PBXFileReference; fileEncoding = 4; lastKnownFileType = sourcecode.swift; path = DiscountsTransactions.swift; sourceTree = "<group>"; };
		CC025A52DAAAA33702A1CF53 /* MainScreenView.swift */ = {isa = PBXFileReference; fileEncoding = 4; lastKnownFileType = sourcecode.swift; path = MainScreenView.swift; sourceTree = "<group>"; };
		CC025C0A8B01E554D8F25B1C /* ViewRouterTransactions.swift */ = {isa = PBXFileReference; fileEncoding = 4; lastKnownFileType = sourcecode.swift; path = ViewRouterTransactions.swift; sourceTree = "<group>"; };
		CC025D37B2602B5826D1E7D5 /* RegistrationCode.swift */ = {isa = PBXFileReference; fileEncoding = 4; lastKnownFileType = sourcecode.swift; path = RegistrationCode.swift; sourceTree = "<group>"; };
		CC025E66C7D74D0ED4BCD77F /* Age.swift */ = {isa = PBXFileReference; fileEncoding = 4; lastKnownFileType = sourcecode.swift; path = Age.swift; sourceTree = "<group>"; };
		CC025F42D3521844AF62C122 /* IPOTransactions.swift */ = {isa = PBXFileReference; fileEncoding = 4; lastKnownFileType = sourcecode.swift; path = IPOTransactions.swift; sourceTree = "<group>"; };
		CC025F91D3B6110956F3CE10 /* ToggleButton.swift */ = {isa = PBXFileReference; fileEncoding = 4; lastKnownFileType = sourcecode.swift; path = ToggleButton.swift; sourceTree = "<group>"; };
		F27BE18426239D3C004976C0 /* IPO_iOS.entitlements */ = {isa = PBXFileReference; lastKnownFileType = text.plist.entitlements; path = IPO_iOS.entitlements; sourceTree = "<group>"; };
		F27BE18B2623A24C004976C0 /* GoogleService-Info.plist */ = {isa = PBXFileReference; fileEncoding = 4; lastKnownFileType = text.plist.xml; path = "GoogleService-Info.plist"; sourceTree = "<group>"; };
/* End PBXFileReference section */

/* Begin PBXFrameworksBuildPhase section */
		6504446D62694C89520367F8 /* Frameworks */ = {
			isa = PBXFrameworksBuildPhase;
			buildActionMask = 2147483647;
			files = (
			);
			runOnlyForDeploymentPostprocessing = 0;
		};
		650447E62285A4CB8EE31DFF /* Frameworks */ = {
			isa = PBXFrameworksBuildPhase;
			buildActionMask = 2147483647;
			files = (
			);
			runOnlyForDeploymentPostprocessing = 0;
		};
		650449CEF25DE398BBD6DB7E /* Frameworks */ = {
			isa = PBXFrameworksBuildPhase;
			buildActionMask = 2147483647;
			files = (
				1690844C262393C40048659B /* FirebaseMessaging in Frameworks */,
				16908447262392520048659B /* Alamofire in Frameworks */,
				16908448262392520048659B /* Alamofire in Frameworks */,
				16908449262392520048659B /* iPhoneNumberField in Frameworks */,
			);
			runOnlyForDeploymentPostprocessing = 0;
		};
/* End PBXFrameworksBuildPhase section */

/* Begin PBXGroup section */
		315F64E9C0B6415FFC43EA80 /* Main */ = {
			isa = PBXGroup;
			children = (
				315F6943FBE705AE7A24BDB9 /* MainView.swift */,
				315F6642D81721A994B6340D /* BottomNavBar.swift */,
				CC02554868D44D50E1D574DE /* ViewRouter.swift */,
			);
			path = Main;
			sourceTree = "<group>";
		};
		315F652E9107782160D6069B /* Lessons */ = {
			isa = PBXGroup;
			children = (
				315F6864AEFBA2797A9F9BA8 /* LessonsView.swift */,
			);
			path = Lessons;
			sourceTree = "<group>";
		};
		315F65AD25B113D8548F88AB /* News */ = {
			isa = PBXGroup;
			children = (
				315F6D5FE47F36102947C82C /* NewsView.swift */,
			);
			path = News;
			sourceTree = "<group>";
		};
		315F67C37C821594DE54D9BD /* IPO */ = {
			isa = PBXGroup;
			children = (
				315F65F6CE3F7F19B5DB342C /* IPOView.swift */,
			);
			path = IPO;
			sourceTree = "<group>";
		};
		315F6DAA6F48CDC392721C03 /* Transactions */ = {
			isa = PBXGroup;
			children = (
				CC0258DBC3EB18A027933A65 /* TransactionsFragment */,
				CC025368AE5B076E6B2F3417 /* ToggleButtons */,
				CC0258A0D5F11EAB2A882D94 /* ViewRouter */,
				87651954D74DEBF7EF146DA3 /* Model */,
				87651C95F27DF44D16143D88 /* View */,
				87651E1221CD45349FAEA8B7 /* ViewModel */,
				87651833A887BD13CD561C2F /* API */,
			);
			path = Transactions;
			sourceTree = "<group>";
		};
		315F6EBECF2562726E0528D2 /* Account */ = {
			isa = PBXGroup;
			children = (
				315F6E9F9CF6B97CD5C7AEFD /* AccountView.swift */,
			);
			path = Account;
			sourceTree = "<group>";
		};
		65044009EA209EC9E10460F0 /* IPO_iOS */ = {
			isa = PBXGroup;
			children = (
				F27BE18B2623A24C004976C0 /* GoogleService-Info.plist */,
				F27BE18426239D3C004976C0 /* IPO_iOS.entitlements */,
				C364C82D260FFD7C0064A697 /* Fonts */,
				650440CBB75B70564B0B1D5C /* Info.plist */,
				65044B1FB6B8A115ED1BA0AD /* Assets.xcassets */,
				16AD1E55260E4CC5004CF50F /* Colors.xcassets */,
				65044E40D93C001E8A03E712 /* Preview Content */,
				6504411CF52DD02564B331D3 /* IPO_iOSApp.swift */,
				65044C6961B9507A46295296 /* ContentView.swift */,
				65044027DF9C58A6EFC1ADB1 /* Persistence.swift */,
				650446A069EEB0AEB04A305A /* IPO_iOS.xcdatamodeld */,
				315F64E9C0B6415FFC43EA80 /* Main */,
				315F6DAA6F48CDC392721C03 /* Transactions */,
				315F67C37C821594DE54D9BD /* IPO */,
				315F652E9107782160D6069B /* Lessons */,
				315F65AD25B113D8548F88AB /* News */,
				315F6EBECF2562726E0528D2 /* Account */,
				87651043E55AF5FAB4AE077C /* Shapes */,
				87651CB560A816D9680BD417 /* Statistics */,
				87651495C6DFE0CCAF1EF98D /* SwiftUICharts */,
				CC025A0451690C55A2096072 /* Survey */,
				CC02533141B13DEF87CB1D42 /* localStorage.swift */,
				8765146E13542D73B68FEDC7 /* API */,
				8765114A29F66E999D086992 /* Utils */,
			);
			path = IPO_iOS;
			sourceTree = "<group>";
		};
		65044346AE75F9F9BD86A7CF = {
			isa = PBXGroup;
			children = (
				65044D55ACE57EB961DAE660 /* Products */,
				65044009EA209EC9E10460F0 /* IPO_iOS */,
				65044FAF91196ECA535FB443 /* IPO_iOSTests */,
				65044AE8E7E63B99F00A4897 /* IPO_iOSUITests */,
			);
			sourceTree = "<group>";
		};
		65044AE8E7E63B99F00A4897 /* IPO_iOSUITests */ = {
			isa = PBXGroup;
			children = (
				65044F59E42D6B17497986BC /* Info.plist */,
				6504475F93E4F43E8DB10D9B /* IPO_iOSUITests.swift */,
			);
			path = IPO_iOSUITests;
			sourceTree = "<group>";
		};
		65044D55ACE57EB961DAE660 /* Products */ = {
			isa = PBXGroup;
			children = (
				6504421D66C6FE08C915C38C /* IPO_iOS.app */,
				650448167A488E4F86B9E609 /* IPO_iOSTests.xctest */,
				65044406D307CD3F1F376A5E /* IPO_iOSUITests.xctest */,
			);
			name = Products;
			sourceTree = "<group>";
		};
		65044E40D93C001E8A03E712 /* Preview Content */ = {
			isa = PBXGroup;
			children = (
				6504468210FFB191C061B872 /* Preview Assets.xcassets */,
			);
			path = "Preview Content";
			sourceTree = "<group>";
		};
		65044FAF91196ECA535FB443 /* IPO_iOSTests */ = {
			isa = PBXGroup;
			children = (
				65044FB5737CD8DC3F6214CD /* Info.plist */,
				65044969C198379CB9ED32D5 /* IPO_iOSTests.swift */,
			);
			path = IPO_iOSTests;
			sourceTree = "<group>";
		};
		87651043E55AF5FAB4AE077C /* Shapes */ = {
			isa = PBXGroup;
			children = (
				87651EA3EC4B9AD30AB88652 /* TriangleUp.swift */,
				87651DD77113B63E76F6DE0C /* TriangleDown.swift */,
				876514D3E6784895973FEE33 /* Star.swift */,
			);
			path = Shapes;
			sourceTree = "<group>";
		};
		8765114A29F66E999D086992 /* Utils */ = {
			isa = PBXGroup;
			children = (
				87651642A697A745628FC641 /* Utils.swift */,
			);
			path = Utils;
			sourceTree = "<group>";
		};
		876512D481706F5BFCC9514E /* API */ = {
			isa = PBXGroup;
			children = (
				87651E118F34403E29991EB1 /* AccountAPI.swift */,
			);
			path = API;
			sourceTree = "<group>";
		};
		87651452A3FDCB9D7CF7E32C /* BarChart */ = {
			isa = PBXGroup;
			children = (
				87651014FBF97139B3C70A7C /* LabelView.swift */,
				87651E03D5C5F5070D4DCD32 /* BarChartRow.swift */,
				876517649CEB2ABE8B68C496 /* BarChartCell.swift */,
				87651DAABB8E240157B4BE22 /* BarChartView.swift */,
			);
			path = BarChart;
			sourceTree = "<group>";
		};
		8765146E13542D73B68FEDC7 /* API */ = {
			isa = PBXGroup;
			children = (
				8765143E9794DAEC3B8E5CD5 /* RequestAPI.swift */,
			);
			path = API;
			sourceTree = "<group>";
		};
		87651495C6DFE0CCAF1EF98D /* SwiftUICharts */ = {
			isa = PBXGroup;
			children = (
				876514F6C3B2564DF795630C /* Helpers.swift */,
				87651AB46A34615BFC75A6F1 /* PieChart */,
				87651452A3FDCB9D7CF7E32C /* BarChart */,
				87651E2253D8F18A68DE9CEE /* LineChart */,
			);
			path = SwiftUICharts;
			sourceTree = "<group>";
		};
		876515304B4F8ED8A5BB07CA /* Model */ = {
			isa = PBXGroup;
			children = (
				87651EE0457F09DF83E1BDF4 /* CompletedTransaction.swift */,
			);
			path = Model;
			sourceTree = "<group>";
		};
		87651555AF1FE99D996853F1 /* ViewModel */ = {
			isa = PBXGroup;
			children = (
				87651209C91A8B49616CAAC0 /* CodeViewModel.swift */,
			);
			path = ViewModel;
			sourceTree = "<group>";
		};
		876516037B0E66BF5C07C3AD /* ViewModel */ = {
			isa = PBXGroup;
			children = (
				87651CF564709CC96979CA8D /* RegistrationViewModel.swift */,
			);
			path = ViewModel;
			sourceTree = "<group>";
		};
		876517F94B8D4B5D88B60FD8 /* Model */ = {
			isa = PBXGroup;
			children = (
				87651D308FC5212B1DAD9081 /* Answer.swift */,
			);
			path = Model;
			sourceTree = "<group>";
		};
		87651833A887BD13CD561C2F /* API */ = {
			isa = PBXGroup;
			children = (
				87651E0C106B65A56387723C /* TransactionsAPI.swift */,
			);
			path = API;
			sourceTree = "<group>";
		};
		87651954D74DEBF7EF146DA3 /* Model */ = {
			isa = PBXGroup;
			children = (
				8765179B5A19056AAF216231 /* Transaction.swift */,
				8765115CCD368FC0C33BF85F /* Status.swift */,
				87651EACEFAF4CB93560A9D0 /* Risk.swift */,
				87651D5E374D5A1573132BD6 /* TransactionsResponse.swift */,
			);
			path = Model;
			sourceTree = "<group>";
		};
		87651AB46A34615BFC75A6F1 /* PieChart */ = {
			isa = PBXGroup;
			children = (
				876516899E4CD257ACFF4DAA /* PieChartRow.swift */,
				87651049727DF2259044E2F5 /* PieChartCell.swift */,
				876515718018BFBDA40BC77C /* PieChartView.swift */,
				876512E41F327527571532BA /* PieChartHelpers.swift */,
			);
			path = PieChart;
			sourceTree = "<group>";
		};
		87651B45FE31424A42A1A2CE /* View */ = {
			isa = PBXGroup;
			children = (
				87651A3112935CFB960D9B5E /* StatisticsView.swift */,
				87651A7482EC304E6808BD8D /* GraphToggleButton.swift */,
				87651D48E73BD0A5D3B54F43 /* GraphView.swift */,
				876514F8883B1E77224C9B8A /* TableView.swift */,
			);
			path = View;
			sourceTree = "<group>";
		};
		87651BA22B0E0FF8E8F2B3B6 /* Model */ = {
			isa = PBXGroup;
			children = (
				87651CD67773FE3897C3D297 /* TokenAnswer.swift */,
			);
			path = Model;
			sourceTree = "<group>";
		};
		87651C95F27DF44D16143D88 /* View */ = {
			isa = PBXGroup;
			children = (
				876514168AA2544CF3F9D170 /* TransactionsView.swift */,
				87651D20CFD0E93ED6E31349 /* TransactionCardView.swift */,
				876515FD50F32E5AC8930BCA /* TransactionStatusTag.swift */,
				87651BAF3C3F97A9B3DC30D1 /* TransactionRiskTag.swift */,
			);
			path = View;
			sourceTree = "<group>";
		};
		87651CB560A816D9680BD417 /* Statistics */ = {
			isa = PBXGroup;
			children = (
				876515304B4F8ED8A5BB07CA /* Model */,
				87651B45FE31424A42A1A2CE /* View */,
			);
			path = Statistics;
			sourceTree = "<group>";
		};
		87651E1221CD45349FAEA8B7 /* ViewModel */ = {
			isa = PBXGroup;
			children = (
				8765194D9B7212CE48D1F626 /* TransactionsViewModel.swift */,
			);
			path = ViewModel;
			sourceTree = "<group>";
		};
		87651E2253D8F18A68DE9CEE /* LineChart */ = {
			isa = PBXGroup;
			children = (
				87651DEFDEEA36EFED8F21E7 /* Line.swift */,
				876510BD04E5C6747D86B59C /* Legend.swift */,
				87651C3300BDDC81679BDF13 /* LineView.swift */,
				876517130AC0D9E2F857F833 /* LineChartView.swift */,
				87651479728381B4DC0B7652 /* MagnifierRect.swift */,
				87651A8624FD5FAD96551C4A /* IndicatorPoint.swift */,
				87651BE300E6BF1F6283B8A0 /* Path+QuadCurve.swift */,
			);
			path = LineChart;
			sourceTree = "<group>";
		};
		C364C82D260FFD7C0064A697 /* Fonts */ = {
			isa = PBXGroup;
			children = (
				C364C82F260FFDDF0064A697 /* EuclidSquare-Bold.ttf */,
				C364C837260FFDDF0064A697 /* EuclidSquare-BoldItalic.ttf */,
				C364C833260FFDDF0064A697 /* EuclidSquare-Italic.ttf */,
				C364C832260FFDDF0064A697 /* EuclidSquare-Light.ttf */,
				C364C830260FFDDF0064A697 /* EuclidSquare-LightItalic.ttf */,
				C364C82E260FFDDF0064A697 /* EuclidSquare-Medium.ttf */,
				C364C834260FFDDF0064A697 /* EuclidSquare-MediumItalic.ttf */,
				C364C835260FFDDF0064A697 /* EuclidSquare-Regular.ttf */,
				C364C831260FFDDF0064A697 /* EuclidSquare-SemiBold.ttf */,
				C364C836260FFDDF0064A697 /* EuclidSquare-SemiBoldItalic.ttf */,
			);
			path = Fonts;
			sourceTree = "<group>";
		};
		CC02508F7B2524BE4FA4A4F9 /* Survey */ = {
			isa = PBXGroup;
			children = (
				CC025227784D96FD92B4B3D1 /* CheckButtons */,
				CC0259C36B8184F552345D87 /* EditText */,
				CC0254C7C6C378F6E8BD25CB /* DropDownList */,
				CC0252B7139CFDD2C37B6B6C /* RadioButtons */,
				CC025717471AB83E197A9354 /* MainSurveyView.swift */,
				CC0253FA0BD88A624975BFC5 /* ViewRouter */,
			);
			path = Survey;
			sourceTree = "<group>";
		};
		CC025227784D96FD92B4B3D1 /* CheckButtons */ = {
			isa = PBXGroup;
			children = (
				CC025536D9D47A9ABA98F5E9 /* CheckButton.swift */,
			);
			path = CheckButtons;
			sourceTree = "<group>";
		};
		CC0252B7139CFDD2C37B6B6C /* RadioButtons */ = {
			isa = PBXGroup;
			children = (
				CC025914E7D57D5D64A1C0D5 /* RadioButtonCapital.swift */,
				CC0256E153B0BFF32146646A /* RadioButtonExp.swift */,
				CC0252DA0DCF22734C387434 /* RadioButtonPercents.swift */,
				CC0253D864C8537137412AE5 /* RadioButtonRisk.swift */,
			);
			path = RadioButtons;
			sourceTree = "<group>";
		};
		CC025368AE5B076E6B2F3417 /* ToggleButtons */ = {
			isa = PBXGroup;
			children = (
				CC025F91D3B6110956F3CE10 /* ToggleButton.swift */,
			);
			path = ToggleButtons;
			sourceTree = "<group>";
		};
		CC0253FA0BD88A624975BFC5 /* ViewRouter */ = {
			isa = PBXGroup;
			children = (
				CC02566479C3545B3DFDE7D8 /* SurveyRouter.swift */,
			);
			path = ViewRouter;
			sourceTree = "<group>";
		};
		CC0254C7C6C378F6E8BD25CB /* DropDownList */ = {
			isa = PBXGroup;
			children = (
				CC02550E74A1AD7135D9D6A8 /* DropDownView.swift */,
				CC0258B35BDED5C1A3BD64E6 /* DropDownPicker.swift */,
			);
			path = DropDownList;
			sourceTree = "<group>";
		};
		CC02552DDC9E6566773E072D /* Registration */ = {
			isa = PBXGroup;
			children = (
				CC02595C9B8A8C2D01EBA5D4 /* Registration.swift */,
				CC02564E75CBFE75C729FDDC /* PhoneNumber */,
				CC025106184A958CAF6CEE61 /* RegistrationRouter.swift */,
				876516037B0E66BF5C07C3AD /* ViewModel */,
				876517F94B8D4B5D88B60FD8 /* Model */,
			);
			path = Registration;
			sourceTree = "<group>";
		};
		CC02564E75CBFE75C729FDDC /* PhoneNumber */ = {
			isa = PBXGroup;
			children = (
				CC0250C2F28530C5AC3B6B6C /* PhoneNumber.swift */,
			);
			path = PhoneNumber;
			sourceTree = "<group>";
		};
		CC0256983B140C55C132C77F /* MainScreen */ = {
			isa = PBXGroup;
			children = (
				CC02552DDC9E6566773E072D /* Registration */,
				CC02508F7B2524BE4FA4A4F9 /* Survey */,
				CC025A52DAAAA33702A1CF53 /* MainScreenView.swift */,
				CC025A36D36E5BE1404E5BB2 /* ViewRouter */,
				CC025BF09E92599FD4CEDBB0 /* Code */,
			);
			path = MainScreen;
			sourceTree = "<group>";
		};
		CC0258A0D5F11EAB2A882D94 /* ViewRouter */ = {
			isa = PBXGroup;
			children = (
				CC025C0A8B01E554D8F25B1C /* ViewRouterTransactions.swift */,
			);
			path = ViewRouter;
			sourceTree = "<group>";
		};
		CC0258DBC3EB18A027933A65 /* TransactionsFragment */ = {
			isa = PBXGroup;
			children = (
				CC025974311CF94E513212D1 /* DiscountsTransactions.swift */,
				CC02534C83469739C0B7CBA1 /* FavoriteTransactions.swift */,
				CC025F42D3521844AF62C122 /* IPOTransactions.swift */,
				CC0259686E2A09D9A8C8E1BC /* SPACTransactions.swift */,
			);
			path = TransactionsFragment;
			sourceTree = "<group>";
		};
		CC0259C36B8184F552345D87 /* EditText */ = {
			isa = PBXGroup;
			children = (
				CC025E66C7D74D0ED4BCD77F /* Age.swift */,
			);
			path = EditText;
			sourceTree = "<group>";
		};
		CC025A0451690C55A2096072 /* Survey */ = {
			isa = PBXGroup;
			children = (
				CC0256983B140C55C132C77F /* MainScreen */,
				876512D481706F5BFCC9514E /* API */,
			);
			path = Survey;
			sourceTree = "<group>";
		};
		CC025A36D36E5BE1404E5BB2 /* ViewRouter */ = {
			isa = PBXGroup;
			children = (
				CC0256C859BCBBBF0B15A67E /* MainScreenRouter.swift */,
			);
			path = ViewRouter;
			sourceTree = "<group>";
		};
		CC025BF09E92599FD4CEDBB0 /* Code */ = {
			isa = PBXGroup;
			children = (
				CC025D37B2602B5826D1E7D5 /* RegistrationCode.swift */,
				CC025077B8A8B1FC24E2C9EB /* CodeView.swift */,
				CC02508A56E340B246447C53 /* CodeRouter.swift */,
				87651BA22B0E0FF8E8F2B3B6 /* Model */,
				87651555AF1FE99D996853F1 /* ViewModel */,
			);
			path = Code;
			sourceTree = "<group>";
		};
/* End PBXGroup section */

/* Begin PBXNativeTarget section */
		6504427C3713CFB690B34748 /* IPO_iOS */ = {
			isa = PBXNativeTarget;
			buildConfigurationList = 65044069BAAE2943EA1571E7 /* Build configuration list for PBXNativeTarget "IPO_iOS" */;
			buildPhases = (
				65044E95ED98E8F65C56FBA7 /* Sources */,
				650449CEF25DE398BBD6DB7E /* Frameworks */,
				65044D2A2B8B9F7C110417CB /* Resources */,
			);
			buildRules = (
			);
			dependencies = (
			);
			name = IPO_iOS;
			packageProductDependencies = (
				C3B4F1B52620B8BE006A184F /* Alamofire */,
				C3AB59B826221EF500035AE3 /* Alamofire */,
				C3AB59BE26221F5E00035AE3 /* iPhoneNumberField */,
				1690844B262393C40048659B /* FirebaseMessaging */,
			);
			productName = IPO_iOS;
			productReference = 6504421D66C6FE08C915C38C /* IPO_iOS.app */;
			productType = "com.apple.product-type.application";
		};
		6504439514A3014E4F981852 /* IPO_iOSUITests */ = {
			isa = PBXNativeTarget;
			buildConfigurationList = 65044EBAF0CC0FD1E801285E /* Build configuration list for PBXNativeTarget "IPO_iOSUITests" */;
			buildPhases = (
				65044C92A72EF0A184491973 /* Sources */,
				6504446D62694C89520367F8 /* Frameworks */,
				650440DD11019AA63A0304A9 /* Resources */,
			);
			buildRules = (
			);
			dependencies = (
				650441702BD540533DE8683A /* PBXTargetDependency */,
			);
			name = IPO_iOSUITests;
			productName = IPO_iOSUITests;
			productReference = 65044406D307CD3F1F376A5E /* IPO_iOSUITests.xctest */;
			productType = "com.apple.product-type.bundle.ui-testing";
		};
		65044A47A6C80639804E4820 /* IPO_iOSTests */ = {
			isa = PBXNativeTarget;
			buildConfigurationList = 6504435AFCA4086433CF100E /* Build configuration list for PBXNativeTarget "IPO_iOSTests" */;
			buildPhases = (
				65044C00CB1CDB086CF32F7C /* Sources */,
				650447E62285A4CB8EE31DFF /* Frameworks */,
				65044B6AA9CF1B760D12EBBC /* Resources */,
			);
			buildRules = (
			);
			dependencies = (
				650448BF44DAD2073C98C4B9 /* PBXTargetDependency */,
			);
			name = IPO_iOSTests;
			productName = IPO_iOSTests;
			productReference = 650448167A488E4F86B9E609 /* IPO_iOSTests.xctest */;
			productType = "com.apple.product-type.bundle.unit-test";
		};
/* End PBXNativeTarget section */

/* Begin PBXProject section */
		650444FCCCC1054F1EEF0741 /* Project object */ = {
			isa = PBXProject;
			attributes = {
			};
			buildConfigurationList = 650448525914DD9F0C99D868 /* Build configuration list for PBXProject "IPO_iOS" */;
			compatibilityVersion = "Xcode 3.2";
			developmentRegion = English;
			hasScannedForEncodings = 0;
			knownRegions = (
				English,
				en,
			);
			mainGroup = 65044346AE75F9F9BD86A7CF;
			packageReferences = (
				C3AB59B726221EF500035AE3 /* XCRemoteSwiftPackageReference "Alamofire" */,
				C3AB59BD26221F5E00035AE3 /* XCRemoteSwiftPackageReference "iPhoneNumberField" */,
				1690844A262393C40048659B /* XCRemoteSwiftPackageReference "firebase-ios-sdk" */,
			);
			productRefGroup = 65044D55ACE57EB961DAE660 /* Products */;
			projectDirPath = "";
			projectRoot = "";
			targets = (
				6504427C3713CFB690B34748 /* IPO_iOS */,
				65044A47A6C80639804E4820 /* IPO_iOSTests */,
				6504439514A3014E4F981852 /* IPO_iOSUITests */,
			);
		};
/* End PBXProject section */

/* Begin PBXResourcesBuildPhase section */
		650440DD11019AA63A0304A9 /* Resources */ = {
			isa = PBXResourcesBuildPhase;
			buildActionMask = 2147483647;
			files = (
			);
			runOnlyForDeploymentPostprocessing = 0;
		};
		65044B6AA9CF1B760D12EBBC /* Resources */ = {
			isa = PBXResourcesBuildPhase;
			buildActionMask = 2147483647;
			files = (
			);
			runOnlyForDeploymentPostprocessing = 0;
		};
		65044D2A2B8B9F7C110417CB /* Resources */ = {
			isa = PBXResourcesBuildPhase;
			buildActionMask = 2147483647;
			files = (
				C364C83A260FFDDF0064A697 /* EuclidSquare-LightItalic.ttf in Resources */,
				C364C838260FFDDF0064A697 /* EuclidSquare-Medium.ttf in Resources */,
				C364C83B260FFDDF0064A697 /* EuclidSquare-SemiBold.ttf in Resources */,
				C364C839260FFDDF0064A697 /* EuclidSquare-Bold.ttf in Resources */,
				C364C840260FFDDF0064A697 /* EuclidSquare-SemiBoldItalic.ttf in Resources */,
				C364C83E260FFDDF0064A697 /* EuclidSquare-MediumItalic.ttf in Resources */,
				16AD1E56260E4CC5004CF50F /* Colors.xcassets in Resources */,
				650445649F62B2DD8BE8367C /* Assets.xcassets in Resources */,
				C364C83C260FFDDF0064A697 /* EuclidSquare-Light.ttf in Resources */,
				65044E0C17F8E3D7C1DB9C23 /* Preview Assets.xcassets in Resources */,
				C364C83F260FFDDF0064A697 /* EuclidSquare-Regular.ttf in Resources */,
				C364C841260FFDDF0064A697 /* EuclidSquare-BoldItalic.ttf in Resources */,
				C364C83D260FFDDF0064A697 /* EuclidSquare-Italic.ttf in Resources */,
				F27BE18C2623A24C004976C0 /* GoogleService-Info.plist in Resources */,
			);
			runOnlyForDeploymentPostprocessing = 0;
		};
/* End PBXResourcesBuildPhase section */

/* Begin PBXSourcesBuildPhase section */
		65044C00CB1CDB086CF32F7C /* Sources */ = {
			isa = PBXSourcesBuildPhase;
			buildActionMask = 2147483647;
			files = (
				650441F19A1FF740B04A7EAF /* IPO_iOSTests.swift in Sources */,
			);
			runOnlyForDeploymentPostprocessing = 0;
		};
		65044C92A72EF0A184491973 /* Sources */ = {
			isa = PBXSourcesBuildPhase;
			buildActionMask = 2147483647;
			files = (
				6504455A086676BD1C3CFE53 /* IPO_iOSUITests.swift in Sources */,
			);
			runOnlyForDeploymentPostprocessing = 0;
		};
		65044E95ED98E8F65C56FBA7 /* Sources */ = {
			isa = PBXSourcesBuildPhase;
			buildActionMask = 2147483647;
			files = (
				650442BCE182BED91769D36B /* IPO_iOSApp.swift in Sources */,
				6504466801D6A8C51DF754B2 /* ContentView.swift in Sources */,
				65044CC20D1CA38658EA8B5F /* Persistence.swift in Sources */,
				65044A93CD8FDDA7E954F58D /* IPO_iOS.xcdatamodeld in Sources */,
				315F6C2FD96EAED97497B8C4 /* MainView.swift in Sources */,
				315F65B4588C1018879782B7 /* AccountView.swift in Sources */,
				315F6F6C3E768B0BF19F16A6 /* NewsView.swift in Sources */,
				315F601E01821BAACDFCDFBE /* LessonsView.swift in Sources */,
				315F61EA6D26F2BDA5EFFC2A /* IPOView.swift in Sources */,
				315F6C73EB7B241913B3D43B /* BottomNavBar.swift in Sources */,
				CC02519F4CC7CB3170E8B976 /* ViewRouter.swift in Sources */,
				CC0254609BC007296299CB27 /* DiscountsTransactions.swift in Sources */,
				CC0254D6C99EF5E961097354 /* FavoriteTransactions.swift in Sources */,
				CC025DD32C5B6C2D9138D1F2 /* IPOTransactions.swift in Sources */,
				CC02544EA725F02C6775C6F0 /* SPACTransactions.swift in Sources */,
				CC0253432E6795CC73871833 /* ToggleButton.swift in Sources */,
				CC02590C1F0CCBF388478233 /* ViewRouterTransactions.swift in Sources */,
				87651165E89B320A22177777 /* TransactionsView.swift in Sources */,
				87651A05A92CFA8E2E254DC0 /* Transaction.swift in Sources */,
				8765147DACF64574090B4A17 /* TransactionCardView.swift in Sources */,
				87651696579956F7DE304192 /* Status.swift in Sources */,
				87651C9AA4FDB36117463F5F /* Risk.swift in Sources */,
				876519C01966F06256988122 /* TransactionStatusTag.swift in Sources */,
				876518F4668BAE25194A2DEE /* TransactionRiskTag.swift in Sources */,
				87651FBD3B2DE9CB260F0EA6 /* TriangleUp.swift in Sources */,
				87651F042F85256769D28262 /* TriangleDown.swift in Sources */,
				87651A1BBD1648F7C4FC69B3 /* Star.swift in Sources */,
				876511A44CA43B39EC228B9F /* StatisticsView.swift in Sources */,
				876517BEEB5180365C1F9E10 /* Helpers.swift in Sources */,
				87651C9BEF43007C1C9D2CA5 /* PieChartRow.swift in Sources */,
				87651456D2FA40DC01C50996 /* PieChartCell.swift in Sources */,
				8765153F422F76650243EFE9 /* PieChartView.swift in Sources */,
				876517EB93BA12D055173C8A /* PieChartHelpers.swift in Sources */,
				87651BCE71B8BA799A9F64C4 /* LabelView.swift in Sources */,
				876517C80FCBD8FB22C261E1 /* BarChartRow.swift in Sources */,
				876513B423E84BB481760218 /* BarChartCell.swift in Sources */,
				876516FC1BAD482992D76A92 /* BarChartView.swift in Sources */,
				876516F1F8129F857651DF0D /* Line.swift in Sources */,
				8765127576D9152DF631681C /* Legend.swift in Sources */,
				87651311136CD2C5435BC82C /* LineView.swift in Sources */,
				8765159745CF06A28D417EA7 /* LineChartView.swift in Sources */,
				87651B3C42965ED927BC532C /* MagnifierRect.swift in Sources */,
				876516B35F86A3376AE6E575 /* IndicatorPoint.swift in Sources */,
				87651723D45A6541C8AC52AB /* Path+QuadCurve.swift in Sources */,
				87651254AB3D6CDA360561D2 /* GraphToggleButton.swift in Sources */,
				876514032971672F5F67F20A /* GraphView.swift in Sources */,
				8765180D53997DF797E8CA1D /* TableView.swift in Sources */,
				87651728C41D4E075BA933C7 /* CompletedTransaction.swift in Sources */,
				CC025968427F5EA7FFD7C560 /* Registration.swift in Sources */,
				CC0259FADE5E4257B9359F36 /* PhoneNumber.swift in Sources */,
				CC0255703BA7FACFB21F6E4C /* CheckButton.swift in Sources */,
				CC025F74B9F3917391C47BD5 /* Age.swift in Sources */,
				CC025FCA831B21B6A5A0E81F /* DropDownView.swift in Sources */,
				CC02526544BE54644E494022 /* RadioButtonCapital.swift in Sources */,
				CC025F006448FE5B78CD668B /* RadioButtonExp.swift in Sources */,
				CC025AE13F75374DEAF33856 /* RadioButtonPercents.swift in Sources */,
				CC0254A90CAF0B26B862AF2E /* RadioButtonRisk.swift in Sources */,
				CC025AC2215ED1E37E3E5641 /* MainSurveyView.swift in Sources */,
				CC0257CC167CE5832A2165C8 /* SurveyRouter.swift in Sources */,
				CC0259C00E0D250453F40417 /* DropDownPicker.swift in Sources */,
				CC025AC4DC9A1AEE50C8F447 /* MainScreenView.swift in Sources */,
				CC02588F0A594EE7A9253E18 /* MainScreenRouter.swift in Sources */,
				CC0250CD92D02F8F240C44F2 /* RegistrationRouter.swift in Sources */,
				CC0256DF09CFED3EF5B960FF /* RegistrationCode.swift in Sources */,
				CC02507B6D8374D0D1D3D49D /* CodeView.swift in Sources */,
				CC0253713EFD9AC1B5377181 /* CodeRouter.swift in Sources */,
				87651DF096A8B173EEFF8D9C /* TransactionsViewModel.swift in Sources */,
				87651A385A996DD654505800 /* TransactionsAPI.swift in Sources */,
				876512150C03EBB18D345208 /* TransactionsResponse.swift in Sources */,
				87651A7E6D9705DD27FB4DF2 /* RequestAPI.swift in Sources */,
				8765117DEA8265E61B63C048 /* AccountAPI.swift in Sources */,
				8765130F9055DD6EB615D5D2 /* Answer.swift in Sources */,
				87651914219812143047AE15 /* RegistrationViewModel.swift in Sources */,
				8765178A1046F0023974B12C /* TokenAnswer.swift in Sources */,
				876517BFF0078E0FF545361F /* CodeViewModel.swift in Sources */,
				CC02529AE772064DD3A61E6C /* localStorage.swift in Sources */,
				87651E16929B5BF46825B664 /* Utils.swift in Sources */,
			);
			runOnlyForDeploymentPostprocessing = 0;
		};
/* End PBXSourcesBuildPhase section */

/* Begin PBXTargetDependency section */
		650441702BD540533DE8683A /* PBXTargetDependency */ = {
			isa = PBXTargetDependency;
			target = 6504427C3713CFB690B34748 /* IPO_iOS */;
			targetProxy = 650445EA78D6D0C2F56D6E2C /* PBXContainerItemProxy */;
		};
		650448BF44DAD2073C98C4B9 /* PBXTargetDependency */ = {
			isa = PBXTargetDependency;
			target = 6504427C3713CFB690B34748 /* IPO_iOS */;
			targetProxy = 650443D09C45B005E8C15C30 /* PBXContainerItemProxy */;
		};
/* End PBXTargetDependency section */

/* Begin XCBuildConfiguration section */
		650440EA6C505CA0F09D7BBB /* Debug */ = {
			isa = XCBuildConfiguration;
			buildSettings = {
				ASSETCATALOG_COMPILER_APPICON_NAME = AppIcon;
				ASSETCATALOG_COMPILER_GLOBAL_ACCENT_COLOR_NAME = AccentColor;
				CODE_SIGN_ENTITLEMENTS = IPO_iOS/IPO_iOS.entitlements;
				DEVELOPMENT_ASSET_PATHS = "\"IPO_iOS/Preview Content\"";
				DEVELOPMENT_TEAM = QWPDSL467T;
				ENABLE_PREVIEWS = YES;
				INFOPLIST_FILE = IPO_iOS/Info.plist;
				IPHONEOS_DEPLOYMENT_TARGET = 14.0;
				LD_RUNPATH_SEARCH_PATHS = (
					"$(inherited)",
					"@executable_path/Frameworks",
				);
				PRODUCT_BUNDLE_IDENTIFIER = com.kondrashovinvest.ipo;
				PRODUCT_NAME = "$(TARGET_NAME)";
				SWIFT_VERSION = 5.0;
				TARGETED_DEVICE_FAMILY = "1,2";
			};
			name = Debug;
		};
		650444B2CEBD668D05B8F143 /* Release */ = {
			isa = XCBuildConfiguration;
			buildSettings = {
				BUNDLE_LOADER = "$(BUILT_PRODUCTS_DIR)/IPO_iOS.app/IPO_iOS";
				INFOPLIST_FILE = IPO_iOSTests/Info.plist;
				LD_RUNPATH_SEARCH_PATHS = (
					"$(inherited)",
					"@executable_path/Frameworks",
					"@loader_path/Frameworks",
				);
				PRODUCT_BUNDLE_IDENTIFIER = "com.ONTO.IPO-iOSTests";
				PRODUCT_NAME = "$(TARGET_NAME)";
				SWIFT_VERSION = 5.0;
				TARGETED_DEVICE_FAMILY = "1,2";
				TEST_HOST = "$(BUNDLE_LOADER)";
			};
			name = Release;
		};
		650444F1D84581413BCD8EC4 /* Debug */ = {
			isa = XCBuildConfiguration;
			buildSettings = {
				BUNDLE_LOADER = "$(BUILT_PRODUCTS_DIR)/IPO_iOS.app/IPO_iOS";
				INFOPLIST_FILE = IPO_iOSTests/Info.plist;
				LD_RUNPATH_SEARCH_PATHS = (
					"$(inherited)",
					"@executable_path/Frameworks",
					"@loader_path/Frameworks",
				);
				PRODUCT_BUNDLE_IDENTIFIER = "com.ONTO.IPO-iOSTests";
				PRODUCT_NAME = "$(TARGET_NAME)";
				SWIFT_VERSION = 5.0;
				TARGETED_DEVICE_FAMILY = "1,2";
				TEST_HOST = "$(BUNDLE_LOADER)";
			};
			name = Debug;
		};
		65044803BFDB4651EE9D3ACA /* Release */ = {
			isa = XCBuildConfiguration;
			buildSettings = {
				INFOPLIST_FILE = IPO_iOSUITests/Info.plist;
				LD_RUNPATH_SEARCH_PATHS = (
					"$(inherited)",
					"@executable_path/Frameworks",
					"@loader_path/Frameworks",
				);
				PRODUCT_BUNDLE_IDENTIFIER = "com.ONTO.IPO-iOSUITests";
				PRODUCT_NAME = "$(TARGET_NAME)";
				SWIFT_VERSION = 5.0;
				TARGETED_DEVICE_FAMILY = "1,2";
				TEST_TARGET_NAME = IPO_iOS;
			};
			name = Release;
		};
		65044807B2E102735CAF97E5 /* Debug */ = {
			isa = XCBuildConfiguration;
			buildSettings = {
				ALWAYS_SEARCH_USER_PATHS = NO;
				CLANG_ANALYZER_NONNULL = YES;
				CLANG_ANALYZER_NUMBER_OBJECT_CONVERSION = YES_AGGRESSIVE;
				CLANG_CXX_LANGUAGE_STANDARD = "gnu++14";
				CLANG_CXX_LIBRARY = "libc++";
				CLANG_ENABLE_MODULES = YES;
				CLANG_ENABLE_OBJC_ARC = YES;
				CLANG_ENABLE_OBJC_WEAK = YES;
				CLANG_WARN_BLOCK_CAPTURE_AUTORELEASING = YES;
				CLANG_WARN_BOOL_CONVERSION = YES;
				CLANG_WARN_COMMA = YES;
				CLANG_WARN_CONSTANT_CONVERSION = YES;
				CLANG_WARN_DEPRECATED_OBJC_IMPLEMENTATIONS = YES;
				CLANG_WARN_DIRECT_OBJC_ISA_USAGE = YES_ERROR;
				CLANG_WARN_DOCUMENTATION_COMMENTS = YES;
				CLANG_WARN_EMPTY_BODY = YES;
				CLANG_WARN_ENUM_CONVERSION = YES;
				CLANG_WARN_INFINITE_RECURSION = YES;
				CLANG_WARN_INT_CONVERSION = YES;
				CLANG_WARN_NON_LITERAL_NULL_CONVERSION = YES;
				CLANG_WARN_OBJC_IMPLICIT_RETAIN_SELF = YES;
				CLANG_WARN_OBJC_LITERAL_CONVERSION = YES;
				CLANG_WARN_OBJC_ROOT_CLASS = YES_ERROR;
				CLANG_WARN_QUOTED_INCLUDE_IN_FRAMEWORK_HEADER = YES;
				CLANG_WARN_RANGE_LOOP_ANALYSIS = YES;
				CLANG_WARN_STRICT_PROTOTYPES = YES;
				CLANG_WARN_SUSPICIOUS_MOVE = YES;
				CLANG_WARN_UNGUARDED_AVAILABILITY = YES_AGGRESSIVE;
				CLANG_WARN_UNREACHABLE_CODE = YES;
				CLANG_WARN__DUPLICATE_METHOD_MATCH = YES;
				COPY_PHASE_STRIP = NO;
				DEBUG_INFORMATION_FORMAT = dwarf;
				ENABLE_STRICT_OBJC_MSGSEND = YES;
				ENABLE_TESTABILITY = YES;
				GCC_C_LANGUAGE_STANDARD = gnu11;
				GCC_DYNAMIC_NO_PIC = NO;
				GCC_NO_COMMON_BLOCKS = YES;
				GCC_OPTIMIZATION_LEVEL = 0;
				GCC_PREPROCESSOR_DEFINITIONS = (
					"DEBUG=1",
					"$(inherited)",
				);
				GCC_WARN_64_TO_32_BIT_CONVERSION = YES;
				GCC_WARN_ABOUT_RETURN_TYPE = YES_ERROR;
				GCC_WARN_UNDECLARED_SELECTOR = YES;
				GCC_WARN_UNINITIALIZED_AUTOS = YES_AGGRESSIVE;
				GCC_WARN_UNUSED_FUNCTION = YES;
				GCC_WARN_UNUSED_VARIABLE = YES;
				IPHONEOS_DEPLOYMENT_TARGET = 14.2;
				MTL_ENABLE_DEBUG_INFO = INCLUDE_SOURCE;
				MTL_FAST_MATH = YES;
				ONLY_ACTIVE_ARCH = YES;
				SDKROOT = iphoneos;
				SWIFT_ACTIVE_COMPILATION_CONDITIONS = DEBUG;
				SWIFT_OPTIMIZATION_LEVEL = "-Onone";
			};
			name = Debug;
		};
		6504488D60FDAC658DFF8EF7 /* Release */ = {
			isa = XCBuildConfiguration;
			buildSettings = {
				ASSETCATALOG_COMPILER_APPICON_NAME = AppIcon;
				ASSETCATALOG_COMPILER_GLOBAL_ACCENT_COLOR_NAME = AccentColor;
				CODE_SIGN_ENTITLEMENTS = IPO_iOS/IPO_iOS.entitlements;
				DEVELOPMENT_ASSET_PATHS = "\"IPO_iOS/Preview Content\"";
				DEVELOPMENT_TEAM = QWPDSL467T;
				ENABLE_PREVIEWS = YES;
				INFOPLIST_FILE = IPO_iOS/Info.plist;
				IPHONEOS_DEPLOYMENT_TARGET = 14.0;
				LD_RUNPATH_SEARCH_PATHS = (
					"$(inherited)",
					"@executable_path/Frameworks",
				);
				PRODUCT_BUNDLE_IDENTIFIER = com.kondrashovinvest.ipo;
				PRODUCT_NAME = "$(TARGET_NAME)";
				SWIFT_VERSION = 5.0;
				TARGETED_DEVICE_FAMILY = "1,2";
			};
			name = Release;
		};
		65044C26AE41BBF116981227 /* Release */ = {
			isa = XCBuildConfiguration;
			buildSettings = {
				ALWAYS_SEARCH_USER_PATHS = NO;
				CLANG_ANALYZER_NONNULL = YES;
				CLANG_ANALYZER_NUMBER_OBJECT_CONVERSION = YES_AGGRESSIVE;
				CLANG_CXX_LANGUAGE_STANDARD = "gnu++14";
				CLANG_CXX_LIBRARY = "libc++";
				CLANG_ENABLE_MODULES = YES;
				CLANG_ENABLE_OBJC_ARC = YES;
				CLANG_ENABLE_OBJC_WEAK = YES;
				CLANG_WARN_BLOCK_CAPTURE_AUTORELEASING = YES;
				CLANG_WARN_BOOL_CONVERSION = YES;
				CLANG_WARN_COMMA = YES;
				CLANG_WARN_CONSTANT_CONVERSION = YES;
				CLANG_WARN_DEPRECATED_OBJC_IMPLEMENTATIONS = YES;
				CLANG_WARN_DIRECT_OBJC_ISA_USAGE = YES_ERROR;
				CLANG_WARN_DOCUMENTATION_COMMENTS = YES;
				CLANG_WARN_EMPTY_BODY = YES;
				CLANG_WARN_ENUM_CONVERSION = YES;
				CLANG_WARN_INFINITE_RECURSION = YES;
				CLANG_WARN_INT_CONVERSION = YES;
				CLANG_WARN_NON_LITERAL_NULL_CONVERSION = YES;
				CLANG_WARN_OBJC_IMPLICIT_RETAIN_SELF = YES;
				CLANG_WARN_OBJC_LITERAL_CONVERSION = YES;
				CLANG_WARN_OBJC_ROOT_CLASS = YES_ERROR;
				CLANG_WARN_QUOTED_INCLUDE_IN_FRAMEWORK_HEADER = YES;
				CLANG_WARN_RANGE_LOOP_ANALYSIS = YES;
				CLANG_WARN_STRICT_PROTOTYPES = YES;
				CLANG_WARN_SUSPICIOUS_MOVE = YES;
				CLANG_WARN_UNGUARDED_AVAILABILITY = YES_AGGRESSIVE;
				CLANG_WARN_UNREACHABLE_CODE = YES;
				CLANG_WARN__DUPLICATE_METHOD_MATCH = YES;
				COPY_PHASE_STRIP = NO;
				DEBUG_INFORMATION_FORMAT = "dwarf-with-dsym";
				ENABLE_NS_ASSERTIONS = NO;
				ENABLE_STRICT_OBJC_MSGSEND = YES;
				GCC_C_LANGUAGE_STANDARD = gnu11;
				GCC_NO_COMMON_BLOCKS = YES;
				GCC_WARN_64_TO_32_BIT_CONVERSION = YES;
				GCC_WARN_ABOUT_RETURN_TYPE = YES_ERROR;
				GCC_WARN_UNDECLARED_SELECTOR = YES;
				GCC_WARN_UNINITIALIZED_AUTOS = YES_AGGRESSIVE;
				GCC_WARN_UNUSED_FUNCTION = YES;
				GCC_WARN_UNUSED_VARIABLE = YES;
				IPHONEOS_DEPLOYMENT_TARGET = 14.2;
				MTL_ENABLE_DEBUG_INFO = NO;
				MTL_FAST_MATH = YES;
				SDKROOT = iphoneos;
				SWIFT_COMPILATION_MODE = wholemodule;
				SWIFT_OPTIMIZATION_LEVEL = "-O";
				VALIDATE_PRODUCT = YES;
			};
			name = Release;
		};
		65044C6D184915406CA5EB75 /* Debug */ = {
			isa = XCBuildConfiguration;
			buildSettings = {
				INFOPLIST_FILE = IPO_iOSUITests/Info.plist;
				LD_RUNPATH_SEARCH_PATHS = (
					"$(inherited)",
					"@executable_path/Frameworks",
					"@loader_path/Frameworks",
				);
				PRODUCT_BUNDLE_IDENTIFIER = "com.ONTO.IPO-iOSUITests";
				PRODUCT_NAME = "$(TARGET_NAME)";
				SWIFT_VERSION = 5.0;
				TARGETED_DEVICE_FAMILY = "1,2";
				TEST_TARGET_NAME = IPO_iOS;
			};
			name = Debug;
		};
/* End XCBuildConfiguration section */

/* Begin XCConfigurationList section */
		65044069BAAE2943EA1571E7 /* Build configuration list for PBXNativeTarget "IPO_iOS" */ = {
			isa = XCConfigurationList;
			buildConfigurations = (
				650440EA6C505CA0F09D7BBB /* Debug */,
				6504488D60FDAC658DFF8EF7 /* Release */,
			);
			defaultConfigurationIsVisible = 0;
			defaultConfigurationName = Release;
		};
		6504435AFCA4086433CF100E /* Build configuration list for PBXNativeTarget "IPO_iOSTests" */ = {
			isa = XCConfigurationList;
			buildConfigurations = (
				650444F1D84581413BCD8EC4 /* Debug */,
				650444B2CEBD668D05B8F143 /* Release */,
			);
			defaultConfigurationIsVisible = 0;
			defaultConfigurationName = Release;
		};
		650448525914DD9F0C99D868 /* Build configuration list for PBXProject "IPO_iOS" */ = {
			isa = XCConfigurationList;
			buildConfigurations = (
				65044807B2E102735CAF97E5 /* Debug */,
				65044C26AE41BBF116981227 /* Release */,
			);
			defaultConfigurationIsVisible = 0;
			defaultConfigurationName = Release;
		};
		65044EBAF0CC0FD1E801285E /* Build configuration list for PBXNativeTarget "IPO_iOSUITests" */ = {
			isa = XCConfigurationList;
			buildConfigurations = (
				65044C6D184915406CA5EB75 /* Debug */,
				65044803BFDB4651EE9D3ACA /* Release */,
			);
			defaultConfigurationIsVisible = 0;
			defaultConfigurationName = Release;
		};
/* End XCConfigurationList section */

/* Begin XCRemoteSwiftPackageReference section */
		1690844A262393C40048659B /* XCRemoteSwiftPackageReference "firebase-ios-sdk" */ = {
			isa = XCRemoteSwiftPackageReference;
			repositoryURL = "https://github.com/firebase/firebase-ios-sdk.git";
			requirement = {
				kind = upToNextMajorVersion;
				minimumVersion = 7.10.0;
			};
		};
		C3AB59B726221EF500035AE3 /* XCRemoteSwiftPackageReference "Alamofire" */ = {
			isa = XCRemoteSwiftPackageReference;
			repositoryURL = "https://github.com/Alamofire/Alamofire.git";
			requirement = {
				kind = upToNextMajorVersion;
				minimumVersion = 5.4.2;
			};
		};
		C3AB59BD26221F5E00035AE3 /* XCRemoteSwiftPackageReference "iPhoneNumberField" */ = {
			isa = XCRemoteSwiftPackageReference;
			repositoryURL = "https://github.com/MojtabaHs/iPhoneNumberField.git";
			requirement = {
				kind = upToNextMajorVersion;
				minimumVersion = 0.6.1;
			};
		};
/* End XCRemoteSwiftPackageReference section */

/* Begin XCSwiftPackageProductDependency section */
		1690844B262393C40048659B /* FirebaseMessaging */ = {
			isa = XCSwiftPackageProductDependency;
			package = 1690844A262393C40048659B /* XCRemoteSwiftPackageReference "firebase-ios-sdk" */;
			productName = FirebaseMessaging;
		};
		C3AB59B826221EF500035AE3 /* Alamofire */ = {
			isa = XCSwiftPackageProductDependency;
			package = C3AB59B726221EF500035AE3 /* XCRemoteSwiftPackageReference "Alamofire" */;
			productName = Alamofire;
		};
		C3AB59BE26221F5E00035AE3 /* iPhoneNumberField */ = {
			isa = XCSwiftPackageProductDependency;
			package = C3AB59BD26221F5E00035AE3 /* XCRemoteSwiftPackageReference "iPhoneNumberField" */;
			productName = iPhoneNumberField;
		};
		C3B4F1B52620B8BE006A184F /* Alamofire */ = {
			isa = XCSwiftPackageProductDependency;
			productName = Alamofire;
		};
/* End XCSwiftPackageProductDependency section */

/* Begin XCVersionGroup section */
		650446A069EEB0AEB04A305A /* IPO_iOS.xcdatamodeld */ = {
			isa = XCVersionGroup;
			children = (
				65044CA13FB3D973ADF9C9E9 /* IPO_iOS.xcdatamodel */,
			);
			currentVersion = 65044CA13FB3D973ADF9C9E9 /* IPO_iOS.xcdatamodel */;
			path = IPO_iOS.xcdatamodeld;
			sourceTree = "<group>";
			versionGroupType = wrapper.xcdatamodel;
		};
/* End XCVersionGroup section */
	};
	rootObject = 650444FCCCC1054F1EEF0741 /* Project object */;
}
